
Microsoft Visual Studio Solution File, Format Version 12.00
# Visual Studio 2015
Project("{FAE04EC0-301F-11D3-BF4B-00C04F79EFBC}") = "Coqui Runner", "Coqui Runner.csproj", "{FEEE41E5-0C44-C154-1B90-36940040A2EC}"
EndProject
Global
	GlobalSection(SolutionConfigurationPlatforms) = preSolution
		Debug|Any CPU = Debug|Any CPU
		Release|Any CPU = Release|Any CPU
	EndGlobalSection
	GlobalSection(ProjectConfigurationPlatforms) = postSolution
		{FEEE41E5-0C44-C154-1B90-36940040A2EC}.Debug|Any CPU.ActiveCfg = Debug|Any CPU
		{FEEE41E5-0C44-C154-1B90-36940040A2EC}.Debug|Any CPU.Build.0 = Debug|Any CPU
		{FEEE41E5-0C44-C154-1B90-36940040A2EC}.Release|Any CPU.ActiveCfg = Release|Any CPU
		{FEEE41E5-0C44-C154-1B90-36940040A2EC}.Release|Any CPU.Build.0 = Release|Any CPU
	EndGlobalSection
	GlobalSection(SolutionProperties) = preSolution
		HideSolutionNode = FALSE
	EndGlobalSection
EndGlobal
